
Microsoft Visual Studio Solution File, Format Version 12.00
# Visual Studio 15
Project("{FAE04EC0-301F-11D3-BF4B-00C04F79EFBC}") = "Unity.Timeline", "Unity.Timeline.csproj", "{A2870B4E-1CD3-2E7B-647B-AAE91FAA5234}"
EndProject
Project("{FAE04EC0-301F-11D3-BF4B-00C04F79EFBC}") = "Unity.Timeline.Editor", "Unity.Timeline.Editor.csproj", "{700BED94-8515-8736-28E0-342A3CB82E72}"
EndProject
Project("{FAE04EC0-301F-11D3-BF4B-00C04F79EFBC}") = "Unity.TextMeshPro.Editor", "Unity.TextMeshPro.Editor.csproj", "{E4556D65-5E28-3B2C-D461-94CA84218984}"
EndProject
Project("{FAE04EC0-301F-11D3-BF4B-00C04F79EFBC}") = "Unity.VisualScripting.Flow", "Unity.VisualScripting.Flow.csproj", "{EAB0593F-1903-BC71-F517-388608BE9C1E}"
EndProject
Project("{FAE04EC0-301F-11D3-BF4B-00C04F79EFBC}") = "Unity.PlasticSCM.Editor", "Unity.PlasticSCM.Editor.csproj", "{B366CA28-961E-DD4B-DF03-4EFC45BFFCBE}"
EndProject
Project("{FAE04EC0-301F-11D3-BF4B-00C04F79EFBC}") = "Unity.VisualScripting.Core", "Unity.VisualScripting.Core.csproj", "{DFD5D6DF-D992-DA62-131F-15A2DD2989F5}"
EndProject
Project("{FAE04EC0-301F-11D3-BF4B-00C04F79EFBC}") = "Unity.VisualScripting.Core.Editor", "Unity.VisualScripting.Core.Editor.csproj", "{A1B83007-4776-5C2C-4667-48046227F04E}"
EndProject
Project("{FAE04EC0-301F-11D3-BF4B-00C04F79EFBC}") = "Unity.VisualScripting.Flow.Editor", "Unity.VisualScripting.Flow.Editor.csproj", "{6EA4E553-7327-B6C9-CA75-14BDC655E2D7}"
EndProject
Project("{FAE04EC0-301F-11D3-BF4B-00C04F79EFBC}") = "UnityEditor.TestRunner", "UnityEditor.TestRunner.csproj", "{D9A57483-DEAA-9EC9-858B-5DB00EB46F7D}"
EndProject
Project("{FAE04EC0-301F-11D3-BF4B-00C04F79EFBC}") = "Unity.VisualScripting.SettingsProvider.Editor", "Unity.VisualScripting.SettingsProvider.Editor.csproj", "{DA03FD7B-E31F-A040-8D17-CB6C917D4A92}"
EndProject
Project("{FAE04EC0-301F-11D3-BF4B-00C04F79EFBC}") = "UnityEngine.TestRunner", "UnityEngine.TestRunner.csproj", "{BA3AD189-C126-BABD-A4CD-7CDD129EC0CC}"
EndProject
Project("{FAE04EC0-301F-11D3-BF4B-00C04F79EFBC}") = "Unity.VisualStudio.Editor", "Unity.VisualStudio.Editor.csproj", "{4A1D6651-9769-12AC-0DE7-5ED7092E8723}"
EndProject
Project("{FAE04EC0-301F-11D3-BF4B-00C04F79EFBC}") = "Unity.TestTools.CodeCoverage.Editor.OpenCover.Model", "Unity.TestTools.CodeCoverage.Editor.OpenCover.Model.csproj", "{315AF9E8-B420-A8F0-5064-D79F01F2A94D}"
EndProject
Project("{FAE04EC0-301F-11D3-BF4B-00C04F79EFBC}") = "Unity.Rider.Editor", "Unity.Rider.Editor.csproj", "{34BC6131-F94C-27BE-6577-61631FF6E183}"
EndProject
Project("{FAE04EC0-301F-11D3-BF4B-00C04F79EFBC}") = "Unity.VisualScripting.State.Editor", "Unity.VisualScripting.State.Editor.csproj", "{099E13B8-CBE7-EE43-AD7B-5ABA999EF222}"
EndProject
Project("{FAE04EC0-301F-11D3-BF4B-00C04F79EFBC}") = "Unity.TestTools.CodeCoverage.Editor", "Unity.TestTools.CodeCoverage.Editor.csproj", "{11CB794C-AD8E-F02B-AD79-802EEE703EC3}"
EndProject
Project("{FAE04EC0-301F-11D3-BF4B-00C04F79EFBC}") = "Unity.VisualScripting.State", "Unity.VisualScripting.State.csproj", "{4C4F395D-E2C8-C42F-5EE9-03053C194EC4}"
EndProject
Project("{FAE04EC0-301F-11D3-BF4B-00C04F79EFBC}") = "Unity.TextMeshPro", "Unity.TextMeshPro.csproj", "{3ED86955-CD8B-9457-8E93-55BBAD1D2A25}"
EndProject
Project("{FAE04EC0-301F-11D3-BF4B-00C04F79EFBC}") = "Unity.Performance.Profile-Analyzer.Editor", "Unity.Performance.Profile-Analyzer.Editor.csproj", "{68D4595E-A486-589F-A427-EF5578E83DDD}"
EndProject
Project("{FAE04EC0-301F-11D3-BF4B-00C04F79EFBC}") = "Unity.VSCode.Editor", "Unity.VSCode.Editor.csproj", "{CE01755F-58A5-7FF9-6491-17A52EA28A66}"
EndProject
Project("{FAE04EC0-301F-11D3-BF4B-00C04F79EFBC}") = "Unity.TestTools.CodeCoverage.Editor.OpenCover.Mono.Reflection", "Unity.TestTools.CodeCoverage.Editor.OpenCover.Mono.Reflection.csproj", "{20A9517A-7359-99C7-9B1E-367798F54062}"
EndProject
Project("{FAE04EC0-301F-11D3-BF4B-00C04F79EFBC}") = "Assembly-CSharp", "Assembly-CSharp.csproj", "{42128569-23FC-0AA9-594A-6CFFD0F53268}"
EndProject
Project("{FAE04EC0-301F-11D3-BF4B-00C04F79EFBC}") = "Unity.Settings.Editor", "Unity.Settings.Editor.csproj", "{41EF3C42-78E8-9A6A-0928-E24B8D869D9B}"
EndProject
Project("{FAE04EC0-301F-11D3-BF4B-00C04F79EFBC}") = "Unity.EditorCoroutines.Editor", "Unity.EditorCoroutines.Editor.csproj", "{E51E98F3-B4B3-8880-4059-3C0384061F83}"
EndProject
Project("{FAE04EC0-301F-11D3-BF4B-00C04F79EFBC}") = "Unity.VisualScripting.Shared.Editor", "Unity.VisualScripting.Shared.Editor.csproj", "{3DE87CA5-631E-939B-D970-E779FEF8BFF3}"
EndProject
Project("{FAE04EC0-301F-11D3-BF4B-00C04F79EFBC}") = "Unity.CollabProxy.Editor", "Unity.CollabProxy.Editor.csproj", "{2E6B9BD5-725B-E2CE-AF1F-100B3765BDB1}"
EndProject
Project("{FAE04EC0-301F-11D3-BF4B-00C04F79EFBC}") = "Unity.Timeline", "Unity.Timeline.Player.csproj", "{F8EDCB13-B8C6-8DA6-B0D1-1823B29604F0}"
EndProject
Project("{FAE04EC0-301F-11D3-BF4B-00C04F79EFBC}") = "Unity.VisualScripting.Flow", "Unity.VisualScripting.Flow.Player.csproj", "{AE3C2F36-2D14-C4C5-1492-01B0B93DB464}"
EndProject
Project("{FAE04EC0-301F-11D3-BF4B-00C04F79EFBC}") = "Unity.VisualScripting.Core", "Unity.VisualScripting.Core.Player.csproj", "{8E8632DC-CD24-376A-8B02-D5DEBDD34046}"
EndProject
Project("{FAE04EC0-301F-11D3-BF4B-00C04F79EFBC}") = "UnityEngine.TestRunner", "UnityEngine.TestRunner.Player.csproj", "{93CA0BFB-6D4B-8DD7-3022-542AA66C690E}"
EndProject
Project("{FAE04EC0-301F-11D3-BF4B-00C04F79EFBC}") = "Unity.VisualScripting.State", "Unity.VisualScripting.State.Player.csproj", "{9667CF2A-E14E-05DC-0708-C3542FB57BA9}"
EndProject
Project("{FAE04EC0-301F-11D3-BF4B-00C04F79EFBC}") = "Unity.TextMeshPro", "Unity.TextMeshPro.Player.csproj", "{87E59949-7392-8351-C0DE-86FA2D07D039}"
EndProject
Project("{FAE04EC0-301F-11D3-BF4B-00C04F79EFBC}") = "Assembly-CSharp", "Assembly-CSharp.Player.csproj", "{1DF8E8E2-8834-CD72-092A-F4E6DFD28AD0}"
EndProject
Global
	GlobalSection(SolutionConfigurationPlatforms) = preSolution
		Debug|Any CPU = Debug|Any CPU
		Release|Any CPU = Release|Any CPU
	EndGlobalSection
	GlobalSection(ProjectConfigurationPlatforms) = postSolution
		{A2870B4E-1CD3-2E7B-647B-AAE91FAA5234}.Debug|Any CPU.ActiveCfg = Debug|Any CPU
		{A2870B4E-1CD3-2E7B-647B-AAE91FAA5234}.Debug|Any CPU.Build.0 = Debug|Any CPU
		{A2870B4E-1CD3-2E7B-647B-AAE91FAA5234}.Release|Any CPU.ActiveCfg = Release|Any CPU
		{A2870B4E-1CD3-2E7B-647B-AAE91FAA5234}.Release|Any CPU.Build.0 = Release|Any CPU
		{700BED94-8515-8736-28E0-342A3CB82E72}.Debug|Any CPU.ActiveCfg = Debug|Any CPU
		{700BED94-8515-8736-28E0-342A3CB82E72}.Debug|Any CPU.Build.0 = Debug|Any CPU
		{700BED94-8515-8736-28E0-342A3CB82E72}.Release|Any CPU.ActiveCfg = Release|Any CPU
		{700BED94-8515-8736-28E0-342A3CB82E72}.Release|Any CPU.Build.0 = Release|Any CPU
		{E4556D65-5E28-3B2C-D461-94CA84218984}.Debug|Any CPU.ActiveCfg = Debug|Any CPU
		{E4556D65-5E28-3B2C-D461-94CA84218984}.Debug|Any CPU.Build.0 = Debug|Any CPU
		{E4556D65-5E28-3B2C-D461-94CA84218984}.Release|Any CPU.ActiveCfg = Release|Any CPU
		{E4556D65-5E28-3B2C-D461-94CA84218984}.Release|Any CPU.Build.0 = Release|Any CPU
		{EAB0593F-1903-BC71-F517-388608BE9C1E}.Debug|Any CPU.ActiveCfg = Debug|Any CPU
		{EAB0593F-1903-BC71-F517-388608BE9C1E}.Debug|Any CPU.Build.0 = Debug|Any CPU
		{EAB0593F-1903-BC71-F517-388608BE9C1E}.Release|Any CPU.ActiveCfg = Release|Any CPU
		{EAB0593F-1903-BC71-F517-388608BE9C1E}.Release|Any CPU.Build.0 = Release|Any CPU
		{B366CA28-961E-DD4B-DF03-4EFC45BFFCBE}.Debug|Any CPU.ActiveCfg = Debug|Any CPU
		{B366CA28-961E-DD4B-DF03-4EFC45BFFCBE}.Debug|Any CPU.Build.0 = Debug|Any CPU
		{B366CA28-961E-DD4B-DF03-4EFC45BFFCBE}.Release|Any CPU.ActiveCfg = Release|Any CPU
		{B366CA28-961E-DD4B-DF03-4EFC45BFFCBE}.Release|Any CPU.Build.0 = Release|Any CPU
		{DFD5D6DF-D992-DA62-131F-15A2DD2989F5}.Debug|Any CPU.ActiveCfg = Debug|Any CPU
		{DFD5D6DF-D992-DA62-131F-15A2DD2989F5}.Debug|Any CPU.Build.0 = Debug|Any CPU
		{DFD5D6DF-D992-DA62-131F-15A2DD2989F5}.Release|Any CPU.ActiveCfg = Release|Any CPU
		{DFD5D6DF-D992-DA62-131F-15A2DD2989F5}.Release|Any CPU.Build.0 = Release|Any CPU
		{A1B83007-4776-5C2C-4667-48046227F04E}.Debug|Any CPU.ActiveCfg = Debug|Any CPU
		{A1B83007-4776-5C2C-4667-48046227F04E}.Debug|Any CPU.Build.0 = Debug|Any CPU
		{A1B83007-4776-5C2C-4667-48046227F04E}.Release|Any CPU.ActiveCfg = Release|Any CPU
		{A1B83007-4776-5C2C-4667-48046227F04E}.Release|Any CPU.Build.0 = Release|Any CPU
		{6EA4E553-7327-B6C9-CA75-14BDC655E2D7}.Debug|Any CPU.ActiveCfg = Debug|Any CPU
		{6EA4E553-7327-B6C9-CA75-14BDC655E2D7}.Debug|Any CPU.Build.0 = Debug|Any CPU
		{6EA4E553-7327-B6C9-CA75-14BDC655E2D7}.Release|Any CPU.ActiveCfg = Release|Any CPU
		{6EA4E553-7327-B6C9-CA75-14BDC655E2D7}.Release|Any CPU.Build.0 = Release|Any CPU
		{D9A57483-DEAA-9EC9-858B-5DB00EB46F7D}.Debug|Any CPU.ActiveCfg = Debug|Any CPU
		{D9A57483-DEAA-9EC9-858B-5DB00EB46F7D}.Debug|Any CPU.Build.0 = Debug|Any CPU
		{D9A57483-DEAA-9EC9-858B-5DB00EB46F7D}.Release|Any CPU.ActiveCfg = Release|Any CPU
		{D9A57483-DEAA-9EC9-858B-5DB00EB46F7D}.Release|Any CPU.Build.0 = Release|Any CPU
		{DA03FD7B-E31F-A040-8D17-CB6C917D4A92}.Debug|Any CPU.ActiveCfg = Debug|Any CPU
		{DA03FD7B-E31F-A040-8D17-CB6C917D4A92}.Debug|Any CPU.Build.0 = Debug|Any CPU
		{DA03FD7B-E31F-A040-8D17-CB6C917D4A92}.Release|Any CPU.ActiveCfg = Release|Any CPU
		{DA03FD7B-E31F-A040-8D17-CB6C917D4A92}.Release|Any CPU.Build.0 = Release|Any CPU
		{BA3AD189-C126-BABD-A4CD-7CDD129EC0CC}.Debug|Any CPU.ActiveCfg = Debug|Any CPU
		{BA3AD189-C126-BABD-A4CD-7CDD129EC0CC}.Debug|Any CPU.Build.0 = Debug|Any CPU
		{BA3AD189-C126-BABD-A4CD-7CDD129EC0CC}.Release|Any CPU.ActiveCfg = Release|Any CPU
		{BA3AD189-C126-BABD-A4CD-7CDD129EC0CC}.Release|Any CPU.Build.0 = Release|Any CPU
		{4A1D6651-9769-12AC-0DE7-5ED7092E8723}.Debug|Any CPU.ActiveCfg = Debug|Any CPU
		{4A1D6651-9769-12AC-0DE7-5ED7092E8723}.Debug|Any CPU.Build.0 = Debug|Any CPU
		{4A1D6651-9769-12AC-0DE7-5ED7092E8723}.Release|Any CPU.ActiveCfg = Release|Any CPU
		{4A1D6651-9769-12AC-0DE7-5ED7092E8723}.Release|Any CPU.Build.0 = Release|Any CPU
		{315AF9E8-B420-A8F0-5064-D79F01F2A94D}.Debug|Any CPU.ActiveCfg = Debug|Any CPU
		{315AF9E8-B420-A8F0-5064-D79F01F2A94D}.Debug|Any CPU.Build.0 = Debug|Any CPU
		{315AF9E8-B420-A8F0-5064-D79F01F2A94D}.Release|Any CPU.ActiveCfg = Release|Any CPU
		{315AF9E8-B420-A8F0-5064-D79F01F2A94D}.Release|Any CPU.Build.0 = Release|Any CPU
		{34BC6131-F94C-27BE-6577-61631FF6E183}.Debug|Any CPU.ActiveCfg = Debug|Any CPU
		{34BC6131-F94C-27BE-6577-61631FF6E183}.Debug|Any CPU.Build.0 = Debug|Any CPU
		{34BC6131-F94C-27BE-6577-61631FF6E183}.Release|Any CPU.ActiveCfg = Release|Any CPU
		{34BC6131-F94C-27BE-6577-61631FF6E183}.Release|Any CPU.Build.0 = Release|Any CPU
		{099E13B8-CBE7-EE43-AD7B-5ABA999EF222}.Debug|Any CPU.ActiveCfg = Debug|Any CPU
		{099E13B8-CBE7-EE43-AD7B-5ABA999EF222}.Debug|Any CPU.Build.0 = Debug|Any CPU
		{099E13B8-CBE7-EE43-AD7B-5ABA999EF222}.Release|Any CPU.ActiveCfg = Release|Any CPU
		{099E13B8-CBE7-EE43-AD7B-5ABA999EF222}.Release|Any CPU.Build.0 = Release|Any CPU
		{11CB794C-AD8E-F02B-AD79-802EEE703EC3}.Debug|Any CPU.ActiveCfg = Debug|Any CPU
		{11CB794C-AD8E-F02B-AD79-802EEE703EC3}.Debug|Any CPU.Build.0 = Debug|Any CPU
		{11CB794C-AD8E-F02B-AD79-802EEE703EC3}.Release|Any CPU.ActiveCfg = Release|Any CPU
		{11CB794C-AD8E-F02B-AD79-802EEE703EC3}.Release|Any CPU.Build.0 = Release|Any CPU
		{4C4F395D-E2C8-C42F-5EE9-03053C194EC4}.Debug|Any CPU.ActiveCfg = Debug|Any CPU
		{4C4F395D-E2C8-C42F-5EE9-03053C194EC4}.Debug|Any CPU.Build.0 = Debug|Any CPU
		{4C4F395D-E2C8-C42F-5EE9-03053C194EC4}.Release|Any CPU.ActiveCfg = Release|Any CPU
		{4C4F395D-E2C8-C42F-5EE9-03053C194EC4}.Release|Any CPU.Build.0 = Release|Any CPU
		{3ED86955-CD8B-9457-8E93-55BBAD1D2A25}.Debug|Any CPU.ActiveCfg = Debug|Any CPU
		{3ED86955-CD8B-9457-8E93-55BBAD1D2A25}.Debug|Any CPU.Build.0 = Debug|Any CPU
		{3ED86955-CD8B-9457-8E93-55BBAD1D2A25}.Release|Any CPU.ActiveCfg = Release|Any CPU
		{3ED86955-CD8B-9457-8E93-55BBAD1D2A25}.Release|Any CPU.Build.0 = Release|Any CPU
		{68D4595E-A486-589F-A427-EF5578E83DDD}.Debug|Any CPU.ActiveCfg = Debug|Any CPU
		{68D4595E-A486-589F-A427-EF5578E83DDD}.Debug|Any CPU.Build.0 = Debug|Any CPU
		{68D4595E-A486-589F-A427-EF5578E83DDD}.Release|Any CPU.ActiveCfg = Release|Any CPU
		{68D4595E-A486-589F-A427-EF5578E83DDD}.Release|Any CPU.Build.0 = Release|Any CPU
		{CE01755F-58A5-7FF9-6491-17A52EA28A66}.Debug|Any CPU.ActiveCfg = Debug|Any CPU
		{CE01755F-58A5-7FF9-6491-17A52EA28A66}.Debug|Any CPU.Build.0 = Debug|Any CPU
		{CE01755F-58A5-7FF9-6491-17A52EA28A66}.Release|Any CPU.ActiveCfg = Release|Any CPU
		{CE01755F-58A5-7FF9-6491-17A52EA28A66}.Release|Any CPU.Build.0 = Release|Any CPU
		{20A9517A-7359-99C7-9B1E-367798F54062}.Debug|Any CPU.ActiveCfg = Debug|Any CPU
		{20A9517A-7359-99C7-9B1E-367798F54062}.Debug|Any CPU.Build.0 = Debug|Any CPU
		{20A9517A-7359-99C7-9B1E-367798F54062}.Release|Any CPU.ActiveCfg = Release|Any CPU
		{20A9517A-7359-99C7-9B1E-367798F54062}.Release|Any CPU.Build.0 = Release|Any CPU
		{42128569-23FC-0AA9-594A-6CFFD0F53268}.Debug|Any CPU.ActiveCfg = Debug|Any CPU
		{42128569-23FC-0AA9-594A-6CFFD0F53268}.Debug|Any CPU.Build.0 = Debug|Any CPU
		{42128569-23FC-0AA9-594A-6CFFD0F53268}.Release|Any CPU.ActiveCfg = Release|Any CPU
		{42128569-23FC-0AA9-594A-6CFFD0F53268}.Release|Any CPU.Build.0 = Release|Any CPU
		{41EF3C42-78E8-9A6A-0928-E24B8D869D9B}.Debug|Any CPU.ActiveCfg = Debug|Any CPU
		{41EF3C42-78E8-9A6A-0928-E24B8D869D9B}.Debug|Any CPU.Build.0 = Debug|Any CPU
		{41EF3C42-78E8-9A6A-0928-E24B8D869D9B}.Release|Any CPU.ActiveCfg = Release|Any CPU
		{41EF3C42-78E8-9A6A-0928-E24B8D869D9B}.Release|Any CPU.Build.0 = Release|Any CPU
		{E51E98F3-B4B3-8880-4059-3C0384061F83}.Debug|Any CPU.ActiveCfg = Debug|Any CPU
		{E51E98F3-B4B3-8880-4059-3C0384061F83}.Debug|Any CPU.Build.0 = Debug|Any CPU
		{E51E98F3-B4B3-8880-4059-3C0384061F83}.Release|Any CPU.ActiveCfg = Release|Any CPU
		{E51E98F3-B4B3-8880-4059-3C0384061F83}.Release|Any CPU.Build.0 = Release|Any CPU
		{3DE87CA5-631E-939B-D970-E779FEF8BFF3}.Debug|Any CPU.ActiveCfg = Debug|Any CPU
		{3DE87CA5-631E-939B-D970-E779FEF8BFF3}.Debug|Any CPU.Build.0 = Debug|Any CPU
		{3DE87CA5-631E-939B-D970-E779FEF8BFF3}.Release|Any CPU.ActiveCfg = Release|Any CPU
		{3DE87CA5-631E-939B-D970-E779FEF8BFF3}.Release|Any CPU.Build.0 = Release|Any CPU
		{2E6B9BD5-725B-E2CE-AF1F-100B3765BDB1}.Debug|Any CPU.ActiveCfg = Debug|Any CPU
		{2E6B9BD5-725B-E2CE-AF1F-100B3765BDB1}.Debug|Any CPU.Build.0 = Debug|Any CPU
		{2E6B9BD5-725B-E2CE-AF1F-100B3765BDB1}.Release|Any CPU.ActiveCfg = Release|Any CPU
		{2E6B9BD5-725B-E2CE-AF1F-100B3765BDB1}.Release|Any CPU.Build.0 = Release|Any CPU
		{F8EDCB13-B8C6-8DA6-B0D1-1823B29604F0}.Debug|Any CPU.ActiveCfg = Debug|Any CPU
		{F8EDCB13-B8C6-8DA6-B0D1-1823B29604F0}.Debug|Any CPU.Build.0 = Debug|Any CPU
		{F8EDCB13-B8C6-8DA6-B0D1-1823B29604F0}.Release|Any CPU.ActiveCfg = Release|Any CPU
		{F8EDCB13-B8C6-8DA6-B0D1-1823B29604F0}.Release|Any CPU.Build.0 = Release|Any CPU
		{AE3C2F36-2D14-C4C5-1492-01B0B93DB464}.Debug|Any CPU.ActiveCfg = Debug|Any CPU
		{AE3C2F36-2D14-C4C5-1492-01B0B93DB464}.Debug|Any CPU.Build.0 = Debug|Any CPU
		{AE3C2F36-2D14-C4C5-1492-01B0B93DB464}.Release|Any CPU.ActiveCfg = Release|Any CPU
		{AE3C2F36-2D14-C4C5-1492-01B0B93DB464}.Release|Any CPU.Build.0 = Release|Any CPU
		{8E8632DC-CD24-376A-8B02-D5DEBDD34046}.Debug|Any CPU.ActiveCfg = Debug|Any CPU
		{8E8632DC-CD24-376A-8B02-D5DEBDD34046}.Debug|Any CPU.Build.0 = Debug|Any CPU
		{8E8632DC-CD24-376A-8B02-D5DEBDD34046}.Release|Any CPU.ActiveCfg = Release|Any CPU
		{8E8632DC-CD24-376A-8B02-D5DEBDD34046}.Release|Any CPU.Build.0 = Release|Any CPU
		{93CA0BFB-6D4B-8DD7-3022-542AA66C690E}.Debug|Any CPU.ActiveCfg = Debug|Any CPU
		{93CA0BFB-6D4B-8DD7-3022-542AA66C690E}.Debug|Any CPU.Build.0 = Debug|Any CPU
		{93CA0BFB-6D4B-8DD7-3022-542AA66C690E}.Release|Any CPU.ActiveCfg = Release|Any CPU
		{93CA0BFB-6D4B-8DD7-3022-542AA66C690E}.Release|Any CPU.Build.0 = Release|Any CPU
		{9667CF2A-E14E-05DC-0708-C3542FB57BA9}.Debug|Any CPU.ActiveCfg = Debug|Any CPU
		{9667CF2A-E14E-05DC-0708-C3542FB57BA9}.Debug|Any CPU.Build.0 = Debug|Any CPU
		{9667CF2A-E14E-05DC-0708-C3542FB57BA9}.Release|Any CPU.ActiveCfg = Release|Any CPU
		{9667CF2A-E14E-05DC-0708-C3542FB57BA9}.Release|Any CPU.Build.0 = Release|Any CPU
		{87E59949-7392-8351-C0DE-86FA2D07D039}.Debug|Any CPU.ActiveCfg = Debug|Any CPU
		{87E59949-7392-8351-C0DE-86FA2D07D039}.Debug|Any CPU.Build.0 = Debug|Any CPU
		{87E59949-7392-8351-C0DE-86FA2D07D039}.Release|Any CPU.ActiveCfg = Release|Any CPU
		{87E59949-7392-8351-C0DE-86FA2D07D039}.Release|Any CPU.Build.0 = Release|Any CPU
		{1DF8E8E2-8834-CD72-092A-F4E6DFD28AD0}.Debug|Any CPU.ActiveCfg = Debug|Any CPU
		{1DF8E8E2-8834-CD72-092A-F4E6DFD28AD0}.Debug|Any CPU.Build.0 = Debug|Any CPU
		{1DF8E8E2-8834-CD72-092A-F4E6DFD28AD0}.Release|Any CPU.ActiveCfg = Release|Any CPU
		{1DF8E8E2-8834-CD72-092A-F4E6DFD28AD0}.Release|Any CPU.Build.0 = Release|Any CPU
	EndGlobalSection
	GlobalSection(SolutionProperties) = preSolution
		HideSolutionNode = FALSE
	EndGlobalSection
EndGlobal
